
Microsoft Visual Studio Solution File, Format Version 12.00
# Visual Studio Version 16
VisualStudioVersion = 16.0.32002.261
MinimumVisualStudioVersion = 10.0.40219.1
Project("{FAE04EC0-301F-11D3-BF4B-00C04F79EFBC}") = "WebAPI_Filters", "WebAPI_Filters\WebAPI_Filters.csproj", "{C6865846-78B2-4435-98F1-F405376B4609}"
EndProject
Global
	GlobalSection(SolutionConfigurationPlatforms) = preSolution
		Debug|Any CPU = Debug|Any CPU
		Release|Any CPU = Release|Any CPU
	EndGlobalSection
	GlobalSection(ProjectConfigurationPlatforms) = postSolution
		{C6865846-78B2-4435-98F1-F405376B4609}.Debug|Any CPU.ActiveCfg = Debug|Any CPU
		{C6865846-78B2-4435-98F1-F405376B4609}.Debug|Any CPU.Build.0 = Debug|Any CPU
		{C6865846-78B2-4435-98F1-F405376B4609}.Release|Any CPU.ActiveCfg = Release|Any CPU
		{C6865846-78B2-4435-98F1-F405376B4609}.Release|Any CPU.Build.0 = Release|Any CPU
	EndGlobalSection
	GlobalSection(SolutionProperties) = preSolution
		HideSolutionNode = FALSE
	EndGlobalSection
	GlobalSection(ExtensibilityGlobals) = postSolution
		SolutionGuid = {61F8782E-A4FB-4DE7-8759-5E8326A7E3DB}
	EndGlobalSection
EndGlobal
